
Microsoft Visual Studio Solution File, Format Version 12.00
# Visual Studio Version 17
VisualStudioVersion = 17.6.33829.357
MinimumVisualStudioVersion = 10.0.40219.1
Project("{FAE04EC0-301F-11D3-BF4B-00C04F79EFBC}") = "PasteIt-Forms Backend", "PasteIt-Forms Backend.csproj", "{ED0F1392-1DB7-455A-A2C3-0CC62139C3ED}"
EndProject
Global
	GlobalSection(SolutionConfigurationPlatforms) = preSolution
		Debug|Any CPU = Debug|Any CPU
		Release|Any CPU = Release|Any CPU
	EndGlobalSection
	GlobalSection(ProjectConfigurationPlatforms) = postSolution
		{ED0F1392-1DB7-455A-A2C3-0CC62139C3ED}.Debug|Any CPU.ActiveCfg = Debug|Any CPU
		{ED0F1392-1DB7-455A-A2C3-0CC62139C3ED}.Debug|Any CPU.Build.0 = Debug|Any CPU
		{ED0F1392-1DB7-455A-A2C3-0CC62139C3ED}.Release|Any CPU.ActiveCfg = Release|Any CPU
		{ED0F1392-1DB7-455A-A2C3-0CC62139C3ED}.Release|Any CPU.Build.0 = Release|Any CPU
	EndGlobalSection
	GlobalSection(SolutionProperties) = preSolution
		HideSolutionNode = FALSE
	EndGlobalSection
	GlobalSection(ExtensibilityGlobals) = postSolution
		SolutionGuid = {B74D04E0-A2F4-419D-9AEA-E47E44ED7A2A}
	EndGlobalSection
EndGlobal
